<Solution>
  <Folder Name="/gAPI/">
    <Project Path="gAPI/gAPI.AutoAuth.Client/gAPI.AutoAuth.Client.csproj" />
    <Project Path="gAPI/gAPI.AutoAuth.Server/gAPI.AutoAuth.Server.csproj" />
    <Project Path="gAPI/gAPI.AutoSerializer/gAPI.AutoSerializer.csproj" />
    <Project Path="gAPI/gAPI.AutoWss.Client/gAPI.AutoWss.Client.csproj" />
    <Project Path="gAPI/gAPI.AutoWss.Server/gAPI.AutoWss.Server.csproj" />
    <Project Path="gAPI/gAPI.Core.Client/gAPI.Core.Client.csproj" />
    <Project Path="gAPI/gAPI.Core.Server/gAPI.Core.Server.csproj" />
    <Project Path="gAPI/gAPI.Core/gAPI.Core.csproj" />
    <Project Path="gAPI/gAPI.Fabric.Server/gAPI.Fabric.Server.csproj" />
  </Folder>
  <Project Path="LanCloud.Api/LanCloud.Api.csproj" />
  <Project Path="LanCloud.Host/LanCloud.Host.csproj" />
  <Project Path="LanCloud.Shared/LanCloud.Shared.csproj" />
</Solution>
